
Microsoft Visual Studio Solution File, Format Version 12.00
# Visual Studio 15
VisualStudioVersion = 15.0.26124.0
MinimumVisualStudioVersion = 15.0.26124.0
Project("{9A19103F-16F7-4668-BE54-9A1E7A4F7556}") = "Api", "src\Api\Api.csproj", "{BF87BB97-A2A4-4A2E-B40F-E14229F93244}"
EndProject
Project("{2150E333-8FDC-42A3-9474-1A3956D46DE8}") = "Tests", "Tests", "{531BFFBE-AEBE-4F2C-A1E1-D16E16D5FD3B}"
EndProject
Project("{9A19103F-16F7-4668-BE54-9A1E7A4F7556}") = "SmokeTests", "tests\SmokeTests\SmokeTests.csproj", "{7029D60B-29C7-49CB-BE9A-D06FD9F63D9B}"
EndProject
Project("{9A19103F-16F7-4668-BE54-9A1E7A4F7556}") = "Dao", "src\Dao\Dao.csproj", "{E7BDA946-16EA-4AE3-9DA3-AD9E473FD154}"
EndProject
Project("{FAE04EC0-301F-11D3-BF4B-00C04F79EFBC}") = "Domain", "src\Domain\Domain.csproj", "{4B3E6B8F-A76F-4A5D-9AD5-2197356CE0C0}"
EndProject
Global
	GlobalSection(SolutionConfigurationPlatforms) = preSolution
		Debug|Any CPU = Debug|Any CPU
		Debug|x64 = Debug|x64
		Debug|x86 = Debug|x86
		Release|Any CPU = Release|Any CPU
		Release|x64 = Release|x64
		Release|x86 = Release|x86
	EndGlobalSection
	GlobalSection(ProjectConfigurationPlatforms) = postSolution
		{BF87BB97-A2A4-4A2E-B40F-E14229F93244}.Debug|Any CPU.ActiveCfg = Debug|Any CPU
		{BF87BB97-A2A4-4A2E-B40F-E14229F93244}.Debug|Any CPU.Build.0 = Debug|Any CPU
		{BF87BB97-A2A4-4A2E-B40F-E14229F93244}.Debug|x64.ActiveCfg = Debug|Any CPU
		{BF87BB97-A2A4-4A2E-B40F-E14229F93244}.Debug|x64.Build.0 = Debug|Any CPU
		{BF87BB97-A2A4-4A2E-B40F-E14229F93244}.Debug|x86.ActiveCfg = Debug|Any CPU
		{BF87BB97-A2A4-4A2E-B40F-E14229F93244}.Debug|x86.Build.0 = Debug|Any CPU
		{BF87BB97-A2A4-4A2E-B40F-E14229F93244}.Release|Any CPU.ActiveCfg = Release|Any CPU
		{BF87BB97-A2A4-4A2E-B40F-E14229F93244}.Release|Any CPU.Build.0 = Release|Any CPU
		{BF87BB97-A2A4-4A2E-B40F-E14229F93244}.Release|x64.ActiveCfg = Release|Any CPU
		{BF87BB97-A2A4-4A2E-B40F-E14229F93244}.Release|x64.Build.0 = Release|Any CPU
		{BF87BB97-A2A4-4A2E-B40F-E14229F93244}.Release|x86.ActiveCfg = Release|Any CPU
		{BF87BB97-A2A4-4A2E-B40F-E14229F93244}.Release|x86.Build.0 = Release|Any CPU
		{7029D60B-29C7-49CB-BE9A-D06FD9F63D9B}.Debug|Any CPU.ActiveCfg = Debug|Any CPU
		{7029D60B-29C7-49CB-BE9A-D06FD9F63D9B}.Debug|Any CPU.Build.0 = Debug|Any CPU
		{7029D60B-29C7-49CB-BE9A-D06FD9F63D9B}.Debug|x64.ActiveCfg = Debug|Any CPU
		{7029D60B-29C7-49CB-BE9A-D06FD9F63D9B}.Debug|x64.Build.0 = Debug|Any CPU
		{7029D60B-29C7-49CB-BE9A-D06FD9F63D9B}.Debug|x86.ActiveCfg = Debug|Any CPU
		{7029D60B-29C7-49CB-BE9A-D06FD9F63D9B}.Debug|x86.Build.0 = Debug|Any CPU
		{7029D60B-29C7-49CB-BE9A-D06FD9F63D9B}.Release|Any CPU.ActiveCfg = Release|Any CPU
		{7029D60B-29C7-49CB-BE9A-D06FD9F63D9B}.Release|Any CPU.Build.0 = Release|Any CPU
		{7029D60B-29C7-49CB-BE9A-D06FD9F63D9B}.Release|x64.ActiveCfg = Release|Any CPU
		{7029D60B-29C7-49CB-BE9A-D06FD9F63D9B}.Release|x64.Build.0 = Release|Any CPU
		{7029D60B-29C7-49CB-BE9A-D06FD9F63D9B}.Release|x86.ActiveCfg = Release|Any CPU
		{7029D60B-29C7-49CB-BE9A-D06FD9F63D9B}.Release|x86.Build.0 = Release|Any CPU
		{E7BDA946-16EA-4AE3-9DA3-AD9E473FD154}.Debug|Any CPU.ActiveCfg = Debug|Any CPU
		{E7BDA946-16EA-4AE3-9DA3-AD9E473FD154}.Debug|Any CPU.Build.0 = Debug|Any CPU
		{E7BDA946-16EA-4AE3-9DA3-AD9E473FD154}.Debug|x64.ActiveCfg = Debug|Any CPU
		{E7BDA946-16EA-4AE3-9DA3-AD9E473FD154}.Debug|x64.Build.0 = Debug|Any CPU
		{E7BDA946-16EA-4AE3-9DA3-AD9E473FD154}.Debug|x86.ActiveCfg = Debug|Any CPU
		{E7BDA946-16EA-4AE3-9DA3-AD9E473FD154}.Debug|x86.Build.0 = Debug|Any CPU
		{E7BDA946-16EA-4AE3-9DA3-AD9E473FD154}.Release|Any CPU.ActiveCfg = Release|Any CPU
		{E7BDA946-16EA-4AE3-9DA3-AD9E473FD154}.Release|Any CPU.Build.0 = Release|Any CPU
		{E7BDA946-16EA-4AE3-9DA3-AD9E473FD154}.Release|x64.ActiveCfg = Release|Any CPU
		{E7BDA946-16EA-4AE3-9DA3-AD9E473FD154}.Release|x64.Build.0 = Release|Any CPU
		{E7BDA946-16EA-4AE3-9DA3-AD9E473FD154}.Release|x86.ActiveCfg = Release|Any CPU
		{E7BDA946-16EA-4AE3-9DA3-AD9E473FD154}.Release|x86.Build.0 = Release|Any CPU
		{4B3E6B8F-A76F-4A5D-9AD5-2197356CE0C0}.Debug|Any CPU.ActiveCfg = Debug|Any CPU
		{4B3E6B8F-A76F-4A5D-9AD5-2197356CE0C0}.Debug|Any CPU.Build.0 = Debug|Any CPU
		{4B3E6B8F-A76F-4A5D-9AD5-2197356CE0C0}.Debug|x64.ActiveCfg = Debug|Any CPU
		{4B3E6B8F-A76F-4A5D-9AD5-2197356CE0C0}.Debug|x64.Build.0 = Debug|Any CPU
		{4B3E6B8F-A76F-4A5D-9AD5-2197356CE0C0}.Debug|x86.ActiveCfg = Debug|Any CPU
		{4B3E6B8F-A76F-4A5D-9AD5-2197356CE0C0}.Debug|x86.Build.0 = Debug|Any CPU
		{4B3E6B8F-A76F-4A5D-9AD5-2197356CE0C0}.Release|Any CPU.ActiveCfg = Release|Any CPU
		{4B3E6B8F-A76F-4A5D-9AD5-2197356CE0C0}.Release|Any CPU.Build.0 = Release|Any CPU
		{4B3E6B8F-A76F-4A5D-9AD5-2197356CE0C0}.Release|x64.ActiveCfg = Release|Any CPU
		{4B3E6B8F-A76F-4A5D-9AD5-2197356CE0C0}.Release|x64.Build.0 = Release|Any CPU
		{4B3E6B8F-A76F-4A5D-9AD5-2197356CE0C0}.Release|x86.ActiveCfg = Release|Any CPU
		{4B3E6B8F-A76F-4A5D-9AD5-2197356CE0C0}.Release|x86.Build.0 = Release|Any CPU
	EndGlobalSection
	GlobalSection(SolutionProperties) = preSolution
		HideSolutionNode = FALSE
	EndGlobalSection
	GlobalSection(NestedProjects) = preSolution
		{7029D60B-29C7-49CB-BE9A-D06FD9F63D9B} = {531BFFBE-AEBE-4F2C-A1E1-D16E16D5FD3B}
	EndGlobalSection
	GlobalSection(ExtensibilityGlobals) = postSolution
		SolutionGuid = {F36F0082-A834-41CD-960B-8B3B531B190F}
	EndGlobalSection
EndGlobal
